{
  "version": 4,
  "terraform_version": "1.14.7",
  "serial": 1,
  "lineage": "9ad03b15-9d50-0ed4-050e-758a4753b0d5",
  "outputs": {},
  "resources": [
    {
      "mode": "managed",
      "type": "local_file",
      "name": "devops",
      "provider": "provider[\"registry.terraform.io/hashicorp/local\"]",
      "instances": [
        {
          "schema_version": 0,
          "attributes": {
            "content": "I am practicing Terraform for my Junior DevOps Engineer career.",
            "content_base64": null,
            "content_base64sha256": "p2u3v+kYUP9L45KBzwlNx6Y1CiYhxSfbnVksm0z7ESc=",
            "content_base64sha512": "0PzwpRmZVl9ET59J23HvhTza8b0xv57KIoAJmsFFL9bH3kDGXRH/+k4es+A8uNjoZbTJ6SCoLInxF7fsI8naOQ==",
            "content_md5": "920fccede07a4c1677e87075c14d4f3e",
            "content_sha1": "f9e5bb5aa87ce22daf7f55b0314d86467954ff73",
            "content_sha256": "a76bb7bfe91850ff4be39281cf094dc7a6350a2621c527db9d592c9b4cfb1127",
            "content_sha512": "d0fcf0a51999565f444f9f49db71ef853cdaf1bd31bf9eca2280099ac1452fd6c7de40c65d11fffa4e1eb3e03cb8d8e865b4c9e920a82c89f117b7ec23c9da39",
            "directory_permission": "0777",
            "file_permission": "0777",
            "filename": "./devops.txt",
            "id": "f9e5bb5aa87ce22daf7f55b0314d86467954ff73",
            "sensitive_content": null,
            "source": null
          },
          "sensitive_attributes": [
            [
              {
                "type": "get_attr",
                "value": "sensitive_content"
              }
            ]
          ],
          "identity_schema_version": 0
        }
      ]
    }
  ],
  "check_results": null
}
